
Microsoft Visual Studio Solution File, Format Version 12.00
# Visual Studio 15
VisualStudioVersion = 15.0.27130.2027
MinimumVisualStudioVersion = 10.0.40219.1
Project("{8BC9CEB8-8B4A-11D0-8D11-00A0C91BC942}") = "Core", "Core\Core.vcxproj", "{F0D8FB32-D84C-4955-964D-36AC619393A8}"
	ProjectSection(ProjectDependencies) = postProject
		{BFF9C813-01AF-43B3-A23E-2C62F332B994} = {BFF9C813-01AF-43B3-A23E-2C62F332B994}
		{422B1DF4-F1A4-4C64-BCDB-3F1BAAAAA768} = {422B1DF4-F1A4-4C64-BCDB-3F1BAAAAA768}
	EndProjectSection
EndProject
Project("{8BC9CEB8-8B4A-11D0-8D11-00A0C91BC942}") = "Math", "Math\Math.vcxproj", "{528A854A-8248-4766-8C67-84E888F5DAE3}"
EndProject
Project("{8BC9CEB8-8B4A-11D0-8D11-00A0C91BC942}") = "MathTest", "MathTest\MathTest.vcxproj", "{FBC6EF56-A44D-4E9A-9361-90E43B119F9F}"
EndProject
Project("{2150E333-8FDC-42A3-9474-1A3956D46DE8}") = "Framework", "Framework", "{0EFABFFF-17C8-4DD4-B677-96AC270FE4E4}"
EndProject
Project("{2150E333-8FDC-42A3-9474-1A3956D46DE8}") = "Tests", "Tests", "{9BE854F4-8663-4B13-B3F3-BC5B98DD4C2F}"
EndProject
Project("{8BC9CEB8-8B4A-11D0-8D11-00A0C91BC942}") = "Graphics", "Graphics\Graphics.vcxproj", "{0FDC569A-A7B5-43E9-96CD-3B22A3016FC8}"
EndProject
Project("{8BC9CEB8-8B4A-11D0-8D11-00A0C91BC942}") = "Input", "Input\Input.vcxproj", "{422B1DF4-F1A4-4C64-BCDB-3F1BAAAAA768}"
EndProject
Project("{2150E333-8FDC-42A3-9474-1A3956D46DE8}") = "External", "External", "{1D79CF32-5993-4C96-A747-E1125C9B8B47}"
EndProject
Project("{8BC9CEB8-8B4A-11D0-8D11-00A0C91BC942}") = "DirectXTK_Desktop_2017", "External\DirectXTK\DirectXTK_Desktop_2017.vcxproj", "{E0B52AE7-E160-4D32-BF3F-910B785E5A8E}"
EndProject
Project("{8BC9CEB8-8B4A-11D0-8D11-00A0C91BC942}") = "ImGui", "External\ImGui\ImGui.vcxproj", "{BFF9C813-01AF-43B3-A23E-2C62F332B994}"
EndProject
Project("{2150E333-8FDC-42A3-9474-1A3956D46DE8}") = "Tools", "Tools", "{B99D989A-B7FA-4E04-AB1E-235AF2795D6F}"
EndProject
Project("{8BC9CEB8-8B4A-11D0-8D11-00A0C91BC942}") = "ZeroMI", "ZeroMI\ZeroMI.vcxproj", "{F660664F-562C-4C0D-960B-3538D4A7434C}"
EndProject
Project("{8BC9CEB8-8B4A-11D0-8D11-00A0C91BC942}") = "Physics", "Physics\Physics.vcxproj", "{C8825EDE-00DA-440F-B846-FF6604A40C3C}"
EndProject
Project("{2150E333-8FDC-42A3-9474-1A3956D46DE8}") = "VGP336", "VGP336", "{27FE192C-EAD3-492F-A478-B9F80A1FBDAF}"
EndProject
Project("{2150E333-8FDC-42A3-9474-1A3956D46DE8}") = "GameEngine", "GameEngine", "{7E70F708-CBCC-4191-B1F8-8B575B8EC038}"
EndProject
Project("{8BC9CEB8-8B4A-11D0-8D11-00A0C91BC942}") = "Engine", "Engine\Engine.vcxproj", "{1D768C30-FD0C-4884-9896-B8D302E544BA}"
EndProject
Project("{8BC9CEB8-8B4A-11D0-8D11-00A0C91BC942}") = "Game", "Game\Game.vcxproj", "{57593953-8136-43BD-9626-9207ADC41217}"
EndProject
Project("{8BC9CEB8-8B4A-11D0-8D11-00A0C91BC942}") = "tinyXML", "External\TinyXml\tinyXML.vcxproj", "{FD40D59D-1F3E-3525-A57A-5D2DB84485AD}"
EndProject
Global
	GlobalSection(SolutionConfigurationPlatforms) = preSolution
		Debug|x64 = Debug|x64
		Debug|x86 = Debug|x86
		MinSizeRel|x64 = MinSizeRel|x64
		MinSizeRel|x86 = MinSizeRel|x86
		Release|x64 = Release|x64
		Release|x86 = Release|x86
		RelWithDebInfo|x64 = RelWithDebInfo|x64
		RelWithDebInfo|x86 = RelWithDebInfo|x86
	EndGlobalSection
	GlobalSection(ProjectConfigurationPlatforms) = postSolution
		{F0D8FB32-D84C-4955-964D-36AC619393A8}.Debug|x64.ActiveCfg = Debug|x64
		{F0D8FB32-D84C-4955-964D-36AC619393A8}.Debug|x64.Build.0 = Debug|x64
		{F0D8FB32-D84C-4955-964D-36AC619393A8}.Debug|x86.ActiveCfg = Debug|Win32
		{F0D8FB32-D84C-4955-964D-36AC619393A8}.Debug|x86.Build.0 = Debug|Win32
		{F0D8FB32-D84C-4955-964D-36AC619393A8}.MinSizeRel|x64.ActiveCfg = Release|x64
		{F0D8FB32-D84C-4955-964D-36AC619393A8}.MinSizeRel|x64.Build.0 = Release|x64
		{F0D8FB32-D84C-4955-964D-36AC619393A8}.MinSizeRel|x86.ActiveCfg = Release|Win32
		{F0D8FB32-D84C-4955-964D-36AC619393A8}.MinSizeRel|x86.Build.0 = Release|Win32
		{F0D8FB32-D84C-4955-964D-36AC619393A8}.Release|x64.ActiveCfg = Debug|x64
		{F0D8FB32-D84C-4955-964D-36AC619393A8}.Release|x64.Build.0 = Debug|x64
		{F0D8FB32-D84C-4955-964D-36AC619393A8}.Release|x86.ActiveCfg = Debug|x64
		{F0D8FB32-D84C-4955-964D-36AC619393A8}.Release|x86.Build.0 = Debug|x64
		{F0D8FB32-D84C-4955-964D-36AC619393A8}.RelWithDebInfo|x64.ActiveCfg = Release|x64
		{F0D8FB32-D84C-4955-964D-36AC619393A8}.RelWithDebInfo|x64.Build.0 = Release|x64
		{F0D8FB32-D84C-4955-964D-36AC619393A8}.RelWithDebInfo|x86.ActiveCfg = Release|Win32
		{F0D8FB32-D84C-4955-964D-36AC619393A8}.RelWithDebInfo|x86.Build.0 = Release|Win32
		{528A854A-8248-4766-8C67-84E888F5DAE3}.Debug|x64.ActiveCfg = Debug|x64
		{528A854A-8248-4766-8C67-84E888F5DAE3}.Debug|x64.Build.0 = Debug|x64
		{528A854A-8248-4766-8C67-84E888F5DAE3}.Debug|x86.ActiveCfg = Debug|Win32
		{528A854A-8248-4766-8C67-84E888F5DAE3}.Debug|x86.Build.0 = Debug|Win32
		{528A854A-8248-4766-8C67-84E888F5DAE3}.MinSizeRel|x64.ActiveCfg = Release|x64
		{528A854A-8248-4766-8C67-84E888F5DAE3}.MinSizeRel|x64.Build.0 = Release|x64
		{528A854A-8248-4766-8C67-84E888F5DAE3}.MinSizeRel|x86.ActiveCfg = Release|Win32
		{528A854A-8248-4766-8C67-84E888F5DAE3}.MinSizeRel|x86.Build.0 = Release|Win32
		{528A854A-8248-4766-8C67-84E888F5DAE3}.Release|x64.ActiveCfg = Debug|x64
		{528A854A-8248-4766-8C67-84E888F5DAE3}.Release|x64.Build.0 = Debug|x64
		{528A854A-8248-4766-8C67-84E888F5DAE3}.Release|x86.ActiveCfg = Debug|x64
		{528A854A-8248-4766-8C67-84E888F5DAE3}.Release|x86.Build.0 = Debug|x64
		{528A854A-8248-4766-8C67-84E888F5DAE3}.RelWithDebInfo|x64.ActiveCfg = Release|x64
		{528A854A-8248-4766-8C67-84E888F5DAE3}.RelWithDebInfo|x64.Build.0 = Release|x64
		{528A854A-8248-4766-8C67-84E888F5DAE3}.RelWithDebInfo|x86.ActiveCfg = Release|Win32
		{528A854A-8248-4766-8C67-84E888F5DAE3}.RelWithDebInfo|x86.Build.0 = Release|Win32
		{FBC6EF56-A44D-4E9A-9361-90E43B119F9F}.Debug|x64.ActiveCfg = Debug|x64
		{FBC6EF56-A44D-4E9A-9361-90E43B119F9F}.Debug|x64.Build.0 = Debug|x64
		{FBC6EF56-A44D-4E9A-9361-90E43B119F9F}.Debug|x86.ActiveCfg = Debug|Win32
		{FBC6EF56-A44D-4E9A-9361-90E43B119F9F}.Debug|x86.Build.0 = Debug|Win32
		{FBC6EF56-A44D-4E9A-9361-90E43B119F9F}.MinSizeRel|x64.ActiveCfg = Release|x64
		{FBC6EF56-A44D-4E9A-9361-90E43B119F9F}.MinSizeRel|x64.Build.0 = Release|x64
		{FBC6EF56-A44D-4E9A-9361-90E43B119F9F}.MinSizeRel|x86.ActiveCfg = Release|Win32
		{FBC6EF56-A44D-4E9A-9361-90E43B119F9F}.MinSizeRel|x86.Build.0 = Release|Win32
		{FBC6EF56-A44D-4E9A-9361-90E43B119F9F}.Release|x64.ActiveCfg = Debug|x64
		{FBC6EF56-A44D-4E9A-9361-90E43B119F9F}.Release|x64.Build.0 = Debug|x64
		{FBC6EF56-A44D-4E9A-9361-90E43B119F9F}.Release|x86.ActiveCfg = Debug|x64
		{FBC6EF56-A44D-4E9A-9361-90E43B119F9F}.Release|x86.Build.0 = Debug|x64
		{FBC6EF56-A44D-4E9A-9361-90E43B119F9F}.RelWithDebInfo|x64.ActiveCfg = Release|x64
		{FBC6EF56-A44D-4E9A-9361-90E43B119F9F}.RelWithDebInfo|x64.Build.0 = Release|x64
		{FBC6EF56-A44D-4E9A-9361-90E43B119F9F}.RelWithDebInfo|x86.ActiveCfg = Release|Win32
		{FBC6EF56-A44D-4E9A-9361-90E43B119F9F}.RelWithDebInfo|x86.Build.0 = Release|Win32
		{0FDC569A-A7B5-43E9-96CD-3B22A3016FC8}.Debug|x64.ActiveCfg = Debug|x64
		{0FDC569A-A7B5-43E9-96CD-3B22A3016FC8}.Debug|x64.Build.0 = Debug|x64
		{0FDC569A-A7B5-43E9-96CD-3B22A3016FC8}.Debug|x86.ActiveCfg = Debug|Win32
		{0FDC569A-A7B5-43E9-96CD-3B22A3016FC8}.Debug|x86.Build.0 = Debug|Win32
		{0FDC569A-A7B5-43E9-96CD-3B22A3016FC8}.MinSizeRel|x64.ActiveCfg = Release|x64
		{0FDC569A-A7B5-43E9-96CD-3B22A3016FC8}.MinSizeRel|x64.Build.0 = Release|x64
		{0FDC569A-A7B5-43E9-96CD-3B22A3016FC8}.MinSizeRel|x86.ActiveCfg = Release|Win32
		{0FDC569A-A7B5-43E9-96CD-3B22A3016FC8}.MinSizeRel|x86.Build.0 = Release|Win32
		{0FDC569A-A7B5-43E9-96CD-3B22A3016FC8}.Release|x64.ActiveCfg = Debug|x64
		{0FDC569A-A7B5-43E9-96CD-3B22A3016FC8}.Release|x64.Build.0 = Debug|x64
		{0FDC569A-A7B5-43E9-96CD-3B22A3016FC8}.Release|x86.ActiveCfg = Debug|x64
		{0FDC569A-A7B5-43E9-96CD-3B22A3016FC8}.Release|x86.Build.0 = Debug|x64
		{0FDC569A-A7B5-43E9-96CD-3B22A3016FC8}.RelWithDebInfo|x64.ActiveCfg = Release|x64
		{0FDC569A-A7B5-43E9-96CD-3B22A3016FC8}.RelWithDebInfo|x64.Build.0 = Release|x64
		{0FDC569A-A7B5-43E9-96CD-3B22A3016FC8}.RelWithDebInfo|x86.ActiveCfg = Release|Win32
		{0FDC569A-A7B5-43E9-96CD-3B22A3016FC8}.RelWithDebInfo|x86.Build.0 = Release|Win32
		{422B1DF4-F1A4-4C64-BCDB-3F1BAAAAA768}.Debug|x64.ActiveCfg = Debug|x64
		{422B1DF4-F1A4-4C64-BCDB-3F1BAAAAA768}.Debug|x64.Build.0 = Debug|x64
		{422B1DF4-F1A4-4C64-BCDB-3F1BAAAAA768}.Debug|x86.ActiveCfg = Debug|Win32
		{422B1DF4-F1A4-4C64-BCDB-3F1BAAAAA768}.Debug|x86.Build.0 = Debug|Win32
		{422B1DF4-F1A4-4C64-BCDB-3F1BAAAAA768}.MinSizeRel|x64.ActiveCfg = Release|x64
		{422B1DF4-F1A4-4C64-BCDB-3F1BAAAAA768}.MinSizeRel|x64.Build.0 = Release|x64
		{422B1DF4-F1A4-4C64-BCDB-3F1BAAAAA768}.MinSizeRel|x86.ActiveCfg = Release|Win32
		{422B1DF4-F1A4-4C64-BCDB-3F1BAAAAA768}.MinSizeRel|x86.Build.0 = Release|Win32
		{422B1DF4-F1A4-4C64-BCDB-3F1BAAAAA768}.Release|x64.ActiveCfg = Debug|x64
		{422B1DF4-F1A4-4C64-BCDB-3F1BAAAAA768}.Release|x64.Build.0 = Debug|x64
		{422B1DF4-F1A4-4C64-BCDB-3F1BAAAAA768}.Release|x86.ActiveCfg = Debug|x64
		{422B1DF4-F1A4-4C64-BCDB-3F1BAAAAA768}.Release|x86.Build.0 = Debug|x64
		{422B1DF4-F1A4-4C64-BCDB-3F1BAAAAA768}.RelWithDebInfo|x64.ActiveCfg = Release|x64
		{422B1DF4-F1A4-4C64-BCDB-3F1BAAAAA768}.RelWithDebInfo|x64.Build.0 = Release|x64
		{422B1DF4-F1A4-4C64-BCDB-3F1BAAAAA768}.RelWithDebInfo|x86.ActiveCfg = Release|Win32
		{422B1DF4-F1A4-4C64-BCDB-3F1BAAAAA768}.RelWithDebInfo|x86.Build.0 = Release|Win32
		{E0B52AE7-E160-4D32-BF3F-910B785E5A8E}.Debug|x64.ActiveCfg = Debug|x64
		{E0B52AE7-E160-4D32-BF3F-910B785E5A8E}.Debug|x64.Build.0 = Debug|x64
		{E0B52AE7-E160-4D32-BF3F-910B785E5A8E}.Debug|x86.ActiveCfg = Debug|Win32
		{E0B52AE7-E160-4D32-BF3F-910B785E5A8E}.Debug|x86.Build.0 = Debug|Win32
		{E0B52AE7-E160-4D32-BF3F-910B785E5A8E}.MinSizeRel|x64.ActiveCfg = Release|x64
		{E0B52AE7-E160-4D32-BF3F-910B785E5A8E}.MinSizeRel|x64.Build.0 = Release|x64
		{E0B52AE7-E160-4D32-BF3F-910B785E5A8E}.MinSizeRel|x86.ActiveCfg = Release|Win32
		{E0B52AE7-E160-4D32-BF3F-910B785E5A8E}.MinSizeRel|x86.Build.0 = Release|Win32
		{E0B52AE7-E160-4D32-BF3F-910B785E5A8E}.Release|x64.ActiveCfg = Debug|x64
		{E0B52AE7-E160-4D32-BF3F-910B785E5A8E}.Release|x64.Build.0 = Debug|x64
		{E0B52AE7-E160-4D32-BF3F-910B785E5A8E}.Release|x86.ActiveCfg = Debug|x64
		{E0B52AE7-E160-4D32-BF3F-910B785E5A8E}.Release|x86.Build.0 = Debug|x64
		{E0B52AE7-E160-4D32-BF3F-910B785E5A8E}.RelWithDebInfo|x64.ActiveCfg = Release|x64
		{E0B52AE7-E160-4D32-BF3F-910B785E5A8E}.RelWithDebInfo|x64.Build.0 = Release|x64
		{E0B52AE7-E160-4D32-BF3F-910B785E5A8E}.RelWithDebInfo|x86.ActiveCfg = Release|Win32
		{E0B52AE7-E160-4D32-BF3F-910B785E5A8E}.RelWithDebInfo|x86.Build.0 = Release|Win32
		{BFF9C813-01AF-43B3-A23E-2C62F332B994}.Debug|x64.ActiveCfg = Debug|x64
		{BFF9C813-01AF-43B3-A23E-2C62F332B994}.Debug|x64.Build.0 = Debug|x64
		{BFF9C813-01AF-43B3-A23E-2C62F332B994}.Debug|x86.ActiveCfg = Debug|Win32
		{BFF9C813-01AF-43B3-A23E-2C62F332B994}.Debug|x86.Build.0 = Debug|Win32
		{BFF9C813-01AF-43B3-A23E-2C62F332B994}.MinSizeRel|x64.ActiveCfg = Release|x64
		{BFF9C813-01AF-43B3-A23E-2C62F332B994}.MinSizeRel|x64.Build.0 = Release|x64
		{BFF9C813-01AF-43B3-A23E-2C62F332B994}.MinSizeRel|x86.ActiveCfg = Release|Win32
		{BFF9C813-01AF-43B3-A23E-2C62F332B994}.MinSizeRel|x86.Build.0 = Release|Win32
		{BFF9C813-01AF-43B3-A23E-2C62F332B994}.Release|x64.ActiveCfg = Debug|x64
		{BFF9C813-01AF-43B3-A23E-2C62F332B994}.Release|x64.Build.0 = Debug|x64
		{BFF9C813-01AF-43B3-A23E-2C62F332B994}.Release|x86.ActiveCfg = Debug|x64
		{BFF9C813-01AF-43B3-A23E-2C62F332B994}.Release|x86.Build.0 = Debug|x64
		{BFF9C813-01AF-43B3-A23E-2C62F332B994}.RelWithDebInfo|x64.ActiveCfg = Release|x64
		{BFF9C813-01AF-43B3-A23E-2C62F332B994}.RelWithDebInfo|x64.Build.0 = Release|x64
		{BFF9C813-01AF-43B3-A23E-2C62F332B994}.RelWithDebInfo|x86.ActiveCfg = Release|Win32
		{BFF9C813-01AF-43B3-A23E-2C62F332B994}.RelWithDebInfo|x86.Build.0 = Release|Win32
		{F660664F-562C-4C0D-960B-3538D4A7434C}.Debug|x64.ActiveCfg = Debug|x64
		{F660664F-562C-4C0D-960B-3538D4A7434C}.Debug|x64.Build.0 = Debug|x64
		{F660664F-562C-4C0D-960B-3538D4A7434C}.Debug|x86.ActiveCfg = Debug|Win32
		{F660664F-562C-4C0D-960B-3538D4A7434C}.Debug|x86.Build.0 = Debug|Win32
		{F660664F-562C-4C0D-960B-3538D4A7434C}.MinSizeRel|x64.ActiveCfg = Release|x64
		{F660664F-562C-4C0D-960B-3538D4A7434C}.MinSizeRel|x64.Build.0 = Release|x64
		{F660664F-562C-4C0D-960B-3538D4A7434C}.MinSizeRel|x86.ActiveCfg = Release|Win32
		{F660664F-562C-4C0D-960B-3538D4A7434C}.MinSizeRel|x86.Build.0 = Release|Win32
		{F660664F-562C-4C0D-960B-3538D4A7434C}.Release|x64.ActiveCfg = Release|x64
		{F660664F-562C-4C0D-960B-3538D4A7434C}.Release|x64.Build.0 = Release|x64
		{F660664F-562C-4C0D-960B-3538D4A7434C}.Release|x86.ActiveCfg = Release|Win32
		{F660664F-562C-4C0D-960B-3538D4A7434C}.Release|x86.Build.0 = Release|Win32
		{F660664F-562C-4C0D-960B-3538D4A7434C}.RelWithDebInfo|x64.ActiveCfg = Release|x64
		{F660664F-562C-4C0D-960B-3538D4A7434C}.RelWithDebInfo|x64.Build.0 = Release|x64
		{F660664F-562C-4C0D-960B-3538D4A7434C}.RelWithDebInfo|x86.ActiveCfg = Release|Win32
		{F660664F-562C-4C0D-960B-3538D4A7434C}.RelWithDebInfo|x86.Build.0 = Release|Win32
		{C8825EDE-00DA-440F-B846-FF6604A40C3C}.Debug|x64.ActiveCfg = Debug|x64
		{C8825EDE-00DA-440F-B846-FF6604A40C3C}.Debug|x64.Build.0 = Debug|x64
		{C8825EDE-00DA-440F-B846-FF6604A40C3C}.Debug|x86.ActiveCfg = Debug|Win32
		{C8825EDE-00DA-440F-B846-FF6604A40C3C}.Debug|x86.Build.0 = Debug|Win32
		{C8825EDE-00DA-440F-B846-FF6604A40C3C}.MinSizeRel|x64.ActiveCfg = Release|x64
		{C8825EDE-00DA-440F-B846-FF6604A40C3C}.MinSizeRel|x64.Build.0 = Release|x64
		{C8825EDE-00DA-440F-B846-FF6604A40C3C}.MinSizeRel|x86.ActiveCfg = Release|Win32
		{C8825EDE-00DA-440F-B846-FF6604A40C3C}.MinSizeRel|x86.Build.0 = Release|Win32
		{C8825EDE-00DA-440F-B846-FF6604A40C3C}.Release|x64.ActiveCfg = Release|x64
		{C8825EDE-00DA-440F-B846-FF6604A40C3C}.Release|x64.Build.0 = Release|x64
		{C8825EDE-00DA-440F-B846-FF6604A40C3C}.Release|x86.ActiveCfg = Release|Win32
		{C8825EDE-00DA-440F-B846-FF6604A40C3C}.Release|x86.Build.0 = Release|Win32
		{C8825EDE-00DA-440F-B846-FF6604A40C3C}.RelWithDebInfo|x64.ActiveCfg = Release|x64
		{C8825EDE-00DA-440F-B846-FF6604A40C3C}.RelWithDebInfo|x64.Build.0 = Release|x64
		{C8825EDE-00DA-440F-B846-FF6604A40C3C}.RelWithDebInfo|x86.ActiveCfg = Release|Win32
		{C8825EDE-00DA-440F-B846-FF6604A40C3C}.RelWithDebInfo|x86.Build.0 = Release|Win32
		{1D768C30-FD0C-4884-9896-B8D302E544BA}.Debug|x64.ActiveCfg = Debug|x64
		{1D768C30-FD0C-4884-9896-B8D302E544BA}.Debug|x64.Build.0 = Debug|x64
		{1D768C30-FD0C-4884-9896-B8D302E544BA}.Debug|x86.ActiveCfg = Debug|Win32
		{1D768C30-FD0C-4884-9896-B8D302E544BA}.Debug|x86.Build.0 = Debug|Win32
		{1D768C30-FD0C-4884-9896-B8D302E544BA}.MinSizeRel|x64.ActiveCfg = Release|x64
		{1D768C30-FD0C-4884-9896-B8D302E544BA}.MinSizeRel|x64.Build.0 = Release|x64
		{1D768C30-FD0C-4884-9896-B8D302E544BA}.MinSizeRel|x86.ActiveCfg = Release|Win32
		{1D768C30-FD0C-4884-9896-B8D302E544BA}.MinSizeRel|x86.Build.0 = Release|Win32
		{1D768C30-FD0C-4884-9896-B8D302E544BA}.Release|x64.ActiveCfg = Release|x64
		{1D768C30-FD0C-4884-9896-B8D302E544BA}.Release|x64.Build.0 = Release|x64
		{1D768C30-FD0C-4884-9896-B8D302E544BA}.Release|x86.ActiveCfg = Release|Win32
		{1D768C30-FD0C-4884-9896-B8D302E544BA}.Release|x86.Build.0 = Release|Win32
		{1D768C30-FD0C-4884-9896-B8D302E544BA}.RelWithDebInfo|x64.ActiveCfg = Release|x64
		{1D768C30-FD0C-4884-9896-B8D302E544BA}.RelWithDebInfo|x64.Build.0 = Release|x64
		{1D768C30-FD0C-4884-9896-B8D302E544BA}.RelWithDebInfo|x86.ActiveCfg = Release|Win32
		{1D768C30-FD0C-4884-9896-B8D302E544BA}.RelWithDebInfo|x86.Build.0 = Release|Win32
		{57593953-8136-43BD-9626-9207ADC41217}.Debug|x64.ActiveCfg = Debug|x64
		{57593953-8136-43BD-9626-9207ADC41217}.Debug|x64.Build.0 = Debug|x64
		{57593953-8136-43BD-9626-9207ADC41217}.Debug|x86.ActiveCfg = Debug|Win32
		{57593953-8136-43BD-9626-9207ADC41217}.Debug|x86.Build.0 = Debug|Win32
		{57593953-8136-43BD-9626-9207ADC41217}.MinSizeRel|x64.ActiveCfg = Release|x64
		{57593953-8136-43BD-9626-9207ADC41217}.MinSizeRel|x64.Build.0 = Release|x64
		{57593953-8136-43BD-9626-9207ADC41217}.MinSizeRel|x86.ActiveCfg = Release|Win32
		{57593953-8136-43BD-9626-9207ADC41217}.MinSizeRel|x86.Build.0 = Release|Win32
		{57593953-8136-43BD-9626-9207ADC41217}.Release|x64.ActiveCfg = Release|x64
		{57593953-8136-43BD-9626-9207ADC41217}.Release|x64.Build.0 = Release|x64
		{57593953-8136-43BD-9626-9207ADC41217}.Release|x86.ActiveCfg = Release|Win32
		{57593953-8136-43BD-9626-9207ADC41217}.Release|x86.Build.0 = Release|Win32
		{57593953-8136-43BD-9626-9207ADC41217}.RelWithDebInfo|x64.ActiveCfg = Release|x64
		{57593953-8136-43BD-9626-9207ADC41217}.RelWithDebInfo|x64.Build.0 = Release|x64
		{57593953-8136-43BD-9626-9207ADC41217}.RelWithDebInfo|x86.ActiveCfg = Release|Win32
		{57593953-8136-43BD-9626-9207ADC41217}.RelWithDebInfo|x86.Build.0 = Release|Win32
		{FD40D59D-1F3E-3525-A57A-5D2DB84485AD}.Debug|x64.ActiveCfg = Debug|x64
		{FD40D59D-1F3E-3525-A57A-5D2DB84485AD}.Debug|x64.Build.0 = Debug|x64
		{FD40D59D-1F3E-3525-A57A-5D2DB84485AD}.Debug|x86.ActiveCfg = Debug|Win32
		{FD40D59D-1F3E-3525-A57A-5D2DB84485AD}.Debug|x86.Build.0 = Debug|Win32
		{FD40D59D-1F3E-3525-A57A-5D2DB84485AD}.MinSizeRel|x64.ActiveCfg = MinSizeRel|Win32
		{FD40D59D-1F3E-3525-A57A-5D2DB84485AD}.MinSizeRel|x86.ActiveCfg = MinSizeRel|Win32
		{FD40D59D-1F3E-3525-A57A-5D2DB84485AD}.MinSizeRel|x86.Build.0 = MinSizeRel|Win32
		{FD40D59D-1F3E-3525-A57A-5D2DB84485AD}.Release|x64.ActiveCfg = Release|Win32
		{FD40D59D-1F3E-3525-A57A-5D2DB84485AD}.Release|x86.ActiveCfg = Release|Win32
		{FD40D59D-1F3E-3525-A57A-5D2DB84485AD}.Release|x86.Build.0 = Release|Win32
		{FD40D59D-1F3E-3525-A57A-5D2DB84485AD}.RelWithDebInfo|x64.ActiveCfg = RelWithDebInfo|Win32
		{FD40D59D-1F3E-3525-A57A-5D2DB84485AD}.RelWithDebInfo|x86.ActiveCfg = RelWithDebInfo|Win32
		{FD40D59D-1F3E-3525-A57A-5D2DB84485AD}.RelWithDebInfo|x86.Build.0 = RelWithDebInfo|Win32
	EndGlobalSection
	GlobalSection(SolutionProperties) = preSolution
		HideSolutionNode = FALSE
	EndGlobalSection
	GlobalSection(NestedProjects) = preSolution
		{F0D8FB32-D84C-4955-964D-36AC619393A8} = {0EFABFFF-17C8-4DD4-B677-96AC270FE4E4}
		{528A854A-8248-4766-8C67-84E888F5DAE3} = {0EFABFFF-17C8-4DD4-B677-96AC270FE4E4}
		{FBC6EF56-A44D-4E9A-9361-90E43B119F9F} = {9BE854F4-8663-4B13-B3F3-BC5B98DD4C2F}
		{0FDC569A-A7B5-43E9-96CD-3B22A3016FC8} = {0EFABFFF-17C8-4DD4-B677-96AC270FE4E4}
		{422B1DF4-F1A4-4C64-BCDB-3F1BAAAAA768} = {0EFABFFF-17C8-4DD4-B677-96AC270FE4E4}
		{E0B52AE7-E160-4D32-BF3F-910B785E5A8E} = {1D79CF32-5993-4C96-A747-E1125C9B8B47}
		{BFF9C813-01AF-43B3-A23E-2C62F332B994} = {1D79CF32-5993-4C96-A747-E1125C9B8B47}
		{F660664F-562C-4C0D-960B-3538D4A7434C} = {B99D989A-B7FA-4E04-AB1E-235AF2795D6F}
		{C8825EDE-00DA-440F-B846-FF6604A40C3C} = {0EFABFFF-17C8-4DD4-B677-96AC270FE4E4}
		{1D768C30-FD0C-4884-9896-B8D302E544BA} = {7E70F708-CBCC-4191-B1F8-8B575B8EC038}
		{57593953-8136-43BD-9626-9207ADC41217} = {27FE192C-EAD3-492F-A478-B9F80A1FBDAF}
		{FD40D59D-1F3E-3525-A57A-5D2DB84485AD} = {1D79CF32-5993-4C96-A747-E1125C9B8B47}
	EndGlobalSection
	GlobalSection(ExtensibilityGlobals) = postSolution
		SolutionGuid = {8B78CC41-D220-4D25-A9C7-6EFCF66B6A5D}
	EndGlobalSection
EndGlobal
