<?xml version="1.0" encoding="utf-8"?>
<Project ToolsVersion="4.0" xmlns="http://schemas.microsoft.com/developer/msbuild/2003">
  <ItemGroup>
    <ClInclude Include="Inc\Common.h">
      <Filter>Inc</Filter>
    </ClInclude>
    <ClInclude Include="Inc\Graphics.h">
      <Filter>Inc</Filter>
    </ClInclude>
    <ClInclude Include="Src\Precompiled.h">
      <Filter>Src</Filter>
    </ClInclude>
    <ClInclude Include="Inc\GraphicsSystem.h">
      <Filter>Inc</Filter>
    </ClInclude>
    <ClInclude Include="Inc\Camera.h">
      <Filter>Inc</Filter>
    </ClInclude>
    <ClInclude Include="Inc\ConstantBuffer.h">
      <Filter>Inc</Filter>
    </ClInclude>
    <ClInclude Include="Inc\Mesh.h">
      <Filter>Inc</Filter>
    </ClInclude>
    <ClInclude Include="Inc\MeshBuffer.h">
      <Filter>Inc</Filter>
    </ClInclude>
    <ClInclude Include="Inc\PixelShader.h">
      <Filter>Inc</Filter>
    </ClInclude>
    <ClInclude Include="Inc\VertexShader.h">
      <Filter>Inc</Filter>
    </ClInclude>
    <ClInclude Include="Inc\HeightMap.h">
      <Filter>Inc</Filter>
    </ClInclude>
    <ClInclude Include="Inc\Light.h">
      <Filter>Inc</Filter>
    </ClInclude>
    <ClInclude Include="Inc\Material.h">
      <Filter>Inc</Filter>
    </ClInclude>
    <ClInclude Include="Inc\MeshBuilder.h">
      <Filter>Inc</Filter>
    </ClInclude>
    <ClInclude Include="Inc\Sampler.h">
      <Filter>Inc</Filter>
    </ClInclude>
    <ClInclude Include="Inc\SimpleDraw.h">
      <Filter>Inc</Filter>
    </ClInclude>
    <ClInclude Include="Inc\Terrain.h">
      <Filter>Inc</Filter>
    </ClInclude>
    <ClInclude Include="Inc\Texture.h">
      <Filter>Inc</Filter>
    </ClInclude>
    <ClInclude Include="Inc\VertexTypes.h">
      <Filter>Inc</Filter>
    </ClInclude>
    <ClInclude Include="Inc\GraphicsUtil.h">
      <Filter>Inc</Filter>
    </ClInclude>
    <ClInclude Include="Inc\CameraNode.h">
      <Filter>Inc</Filter>
    </ClInclude>
    <ClInclude Include="Inc\DirectionalLightNode.h">
      <Filter>Inc</Filter>
    </ClInclude>
    <ClInclude Include="Inc\Gui.h">
      <Filter>Inc</Filter>
    </ClInclude>
    <ClInclude Include="Inc\MaterialNode.h">
      <Filter>Inc</Filter>
    </ClInclude>
    <ClInclude Include="Inc\MatrixStack.h">
      <Filter>Inc</Filter>
    </ClInclude>
    <ClInclude Include="Inc\MeshNode.h">
      <Filter>Inc</Filter>
    </ClInclude>
    <ClInclude Include="Inc\Model.h">
      <Filter>Inc</Filter>
    </ClInclude>
    <ClInclude Include="Inc\PointLightNode.h">
      <Filter>Inc</Filter>
    </ClInclude>
    <ClInclude Include="Inc\RasterizerState.h">
      <Filter>Inc</Filter>
    </ClInclude>
    <ClInclude Include="Inc\RasterizerStateNode.h">
      <Filter>Inc</Filter>
    </ClInclude>
    <ClInclude Include="Inc\Ray.h">
      <Filter>Inc</Filter>
    </ClInclude>
    <ClInclude Include="Inc\RenderTarget.h">
      <Filter>Inc</Filter>
    </ClInclude>
    <ClInclude Include="Inc\SamplerNode.h">
      <Filter>Inc</Filter>
    </ClInclude>
    <ClInclude Include="Inc\SceneManager.h">
      <Filter>Inc</Filter>
    </ClInclude>
    <ClInclude Include="Inc\SceneNode.h">
      <Filter>Inc</Filter>
    </ClInclude>
    <ClInclude Include="Inc\ShaderNode.h">
      <Filter>Inc</Filter>
    </ClInclude>
    <ClInclude Include="Inc\SpotLightNode.h">
      <Filter>Inc</Filter>
    </ClInclude>
    <ClInclude Include="Inc\TextureNode.h">
      <Filter>Inc</Filter>
    </ClInclude>
    <ClInclude Include="Inc\Transform.h">
      <Filter>Inc</Filter>
    </ClInclude>
    <ClInclude Include="Inc\TransformNode.h">
      <Filter>Inc</Filter>
    </ClInclude>
    <ClInclude Include="Inc\Types.h">
      <Filter>Inc</Filter>
    </ClInclude>
    <ClInclude Include="Inc\RenderTargetNode.h">
      <Filter>Inc</Filter>
    </ClInclude>
    <ClInclude Include="Inc\Animation.h">
      <Filter>Inc</Filter>
    </ClInclude>
    <ClInclude Include="Inc\AnimationBuilder.h">
      <Filter>Inc</Filter>
    </ClInclude>
    <ClInclude Include="Inc\DepthMap.h">
      <Filter>Inc</Filter>
    </ClInclude>
    <ClInclude Include="Inc\DepthMapNode.h">
      <Filter>Inc</Filter>
    </ClInclude>
    <ClInclude Include="Inc\InputNode.h">
      <Filter>Inc</Filter>
    </ClInclude>
    <ClInclude Include="Inc\Keyframe.h">
      <Filter>Inc</Filter>
    </ClInclude>
    <ClInclude Include="Inc\ModelNode.h">
      <Filter>Inc</Filter>
    </ClInclude>
    <ClInclude Include="Inc\Bone.h">
      <Filter>Inc</Filter>
    </ClInclude>
    <ClInclude Include="Inc\BonesTransformsNode.h">
      <Filter>Inc</Filter>
    </ClInclude>
    <ClInclude Include="Inc\SkinMesh.h">
      <Filter>Inc</Filter>
    </ClInclude>
    <ClInclude Include="Inc\SkinMeshBuilder.h">
      <Filter>Inc</Filter>
    </ClInclude>
    <ClInclude Include="Inc\BoneAnimation.h">
      <Filter>Inc</Filter>
    </ClInclude>
    <ClInclude Include="Inc\AnimationController.h">
      <Filter>Inc</Filter>
    </ClInclude>
    <ClInclude Include="Inc\AnimationClip.h">
      <Filter>Inc</Filter>
    </ClInclude>
    <ClInclude Include="Inc\Animator.h">
      <Filter>Inc</Filter>
    </ClInclude>
    <ClInclude Include="Inc\MetaRegistration.h" />
  </ItemGroup>
  <ItemGroup>
    <Filter Include="Inc">
      <UniqueIdentifier>{b26d9e80-aab7-4733-b785-e30329d49dbb}</UniqueIdentifier>
    </Filter>
    <Filter Include="Src">
      <UniqueIdentifier>{1eb64b2a-cfd3-4b6f-b7b3-687bfc3be670}</UniqueIdentifier>
    </Filter>
    <Filter Include="Inc\Meta">
      <UniqueIdentifier>{2d1513a2-90a5-43ed-9605-a4033517a1f2}</UniqueIdentifier>
    </Filter>
    <Filter Include="Src\Meta">
      <UniqueIdentifier>{c634b4b1-37df-445e-ab46-297c31f2657c}</UniqueIdentifier>
    </Filter>
  </ItemGroup>
  <ItemGroup>
    <ClCompile Include="Src\Precompiled.cpp">
      <Filter>Src</Filter>
    </ClCompile>
    <ClCompile Include="Src\GraphicsSystem.cpp">
      <Filter>Src</Filter>
    </ClCompile>
    <ClCompile Include="Src\Camera.cpp">
      <Filter>Src</Filter>
    </ClCompile>
    <ClCompile Include="Src\ConstantBuffer.cpp">
      <Filter>Src</Filter>
    </ClCompile>
    <ClCompile Include="Src\HeightMap.cpp">
      <Filter>Src</Filter>
    </ClCompile>
    <ClCompile Include="Src\Mesh.cpp">
      <Filter>Src</Filter>
    </ClCompile>
    <ClCompile Include="Src\MeshBuffer.cpp">
      <Filter>Src</Filter>
    </ClCompile>
    <ClCompile Include="Src\MeshBuilder.cpp">
      <Filter>Src</Filter>
    </ClCompile>
    <ClCompile Include="Src\PixelShader.cpp">
      <Filter>Src</Filter>
    </ClCompile>
    <ClCompile Include="Src\Sampler.cpp">
      <Filter>Src</Filter>
    </ClCompile>
    <ClCompile Include="Src\SimpleDraw.cpp">
      <Filter>Src</Filter>
    </ClCompile>
    <ClCompile Include="Src\Terrain.cpp">
      <Filter>Src</Filter>
    </ClCompile>
    <ClCompile Include="Src\Texture.cpp">
      <Filter>Src</Filter>
    </ClCompile>
    <ClCompile Include="Src\VertexShader.cpp">
      <Filter>Src</Filter>
    </ClCompile>
    <ClCompile Include="Src\GraphicsUtil.cpp">
      <Filter>Src</Filter>
    </ClCompile>
    <ClCompile Include="Src\CameraNode.cpp">
      <Filter>Src</Filter>
    </ClCompile>
    <ClCompile Include="Src\DirectionalLightNode.cpp">
      <Filter>Src</Filter>
    </ClCompile>
    <ClCompile Include="Src\Gui.cpp">
      <Filter>Src</Filter>
    </ClCompile>
    <ClCompile Include="Src\MaterialNode.cpp">
      <Filter>Src</Filter>
    </ClCompile>
    <ClCompile Include="Src\MatrixStack.cpp">
      <Filter>Src</Filter>
    </ClCompile>
    <ClCompile Include="Src\MeshNode.cpp">
      <Filter>Src</Filter>
    </ClCompile>
    <ClCompile Include="Src\Model.cpp">
      <Filter>Src</Filter>
    </ClCompile>
    <ClCompile Include="Src\PointLightNode.cpp">
      <Filter>Src</Filter>
    </ClCompile>
    <ClCompile Include="Src\RasterizerState.cpp">
      <Filter>Src</Filter>
    </ClCompile>
    <ClCompile Include="Src\RasterizerStateNode.cpp">
      <Filter>Src</Filter>
    </ClCompile>
    <ClCompile Include="Src\Ray.cpp">
      <Filter>Src</Filter>
    </ClCompile>
    <ClCompile Include="Src\RenderTarget.cpp">
      <Filter>Src</Filter>
    </ClCompile>
    <ClCompile Include="Src\SamplerNode.cpp">
      <Filter>Src</Filter>
    </ClCompile>
    <ClCompile Include="Src\SceneManager.cpp">
      <Filter>Src</Filter>
    </ClCompile>
    <ClCompile Include="Src\SceneNode.cpp">
      <Filter>Src</Filter>
    </ClCompile>
    <ClCompile Include="Src\ShaderNode.cpp">
      <Filter>Src</Filter>
    </ClCompile>
    <ClCompile Include="Src\SpotLightNode.cpp">
      <Filter>Src</Filter>
    </ClCompile>
    <ClCompile Include="Src\TextureNode.cpp">
      <Filter>Src</Filter>
    </ClCompile>
    <ClCompile Include="Src\Transform.cpp">
      <Filter>Src</Filter>
    </ClCompile>
    <ClCompile Include="Src\TransformNode.cpp">
      <Filter>Src</Filter>
    </ClCompile>
    <ClCompile Include="Src\Animation.cpp">
      <Filter>Src</Filter>
    </ClCompile>
    <ClCompile Include="Src\AnimationBuilder.cpp">
      <Filter>Src</Filter>
    </ClCompile>
    <ClCompile Include="Src\DepthMap.cpp">
      <Filter>Src</Filter>
    </ClCompile>
    <ClCompile Include="Src\DepthMapNode.cpp">
      <Filter>Src</Filter>
    </ClCompile>
    <ClCompile Include="Src\InputNode.cpp">
      <Filter>Src</Filter>
    </ClCompile>
    <ClCompile Include="Src\ModelNode.cpp">
      <Filter>Src</Filter>
    </ClCompile>
    <ClCompile Include="Src\RenderTargetNode.cpp">
      <Filter>Src</Filter>
    </ClCompile>
    <ClCompile Include="Src\Bone.cpp">
      <Filter>Src</Filter>
    </ClCompile>
    <ClCompile Include="Src\BonesTransformsNode.cpp">
      <Filter>Src</Filter>
    </ClCompile>
    <ClCompile Include="Src\SkinMesh.cpp">
      <Filter>Src</Filter>
    </ClCompile>
    <ClCompile Include="Src\SkinMeshBuilder.cpp">
      <Filter>Src</Filter>
    </ClCompile>
    <ClCompile Include="Src\AnimationClip.cpp">
      <Filter>Src</Filter>
    </ClCompile>
    <ClCompile Include="Src\AnimationController.cpp">
      <Filter>Src</Filter>
    </ClCompile>
    <ClCompile Include="Src\BoneAnimation.cpp">
      <Filter>Src</Filter>
    </ClCompile>
    <ClCompile Include="Src\Animator.cpp">
      <Filter>Src</Filter>
    </ClCompile>
    <ClCompile Include="Src\MetaRegistration.cpp" />
  </ItemGroup>
</Project>