<?xml version="1.0" encoding="utf-8"?>
<Project ToolsVersion="4.0" xmlns="http://schemas.microsoft.com/developer/msbuild/2003">
  <ItemGroup>
    <Filter Include="Inc">
      <UniqueIdentifier>{f24fdae9-f64c-4d3a-81a3-f3b785d4f7f7}</UniqueIdentifier>
    </Filter>
    <Filter Include="Src">
      <UniqueIdentifier>{171d360c-7556-4b2c-ae10-10936c8a60bb}</UniqueIdentifier>
    </Filter>
    <Filter Include="Inc\Meta">
      <UniqueIdentifier>{94c45e72-77e6-4f52-ba8b-c9ab56154746}</UniqueIdentifier>
    </Filter>
    <Filter Include="Src\Meta">
      <UniqueIdentifier>{56a94936-aba9-46d9-9e87-d62755e5c8aa}</UniqueIdentifier>
    </Filter>
  </ItemGroup>
  <ItemGroup>
    <ClInclude Include="Src\Precompiled.h">
      <Filter>Src</Filter>
    </ClInclude>
    <ClInclude Include="Inc\Common.h">
      <Filter>Inc</Filter>
    </ClInclude>
    <ClInclude Include="Inc\ZeroMath.h">
      <Filter>Inc</Filter>
    </ClInclude>
    <ClInclude Include="Inc\ZMath.h">
      <Filter>Inc</Filter>
    </ClInclude>
    <ClInclude Include="Inc\MetaRegistration.h">
      <Filter>Inc\Meta</Filter>
    </ClInclude>
  </ItemGroup>
  <ItemGroup>
    <ClCompile Include="Src\Precompiled.cpp">
      <Filter>Src</Filter>
    </ClCompile>
    <ClCompile Include="Src\ZMath.cpp">
      <Filter>Src</Filter>
    </ClCompile>
    <ClCompile Include="Src\MetaRegistration.cpp">
      <Filter>Src\Meta</Filter>
    </ClCompile>
  </ItemGroup>
</Project>